Microsoft Visual Studio Solution File, Format Version 12.00
# Visual Studio 2013
VisualStudioVersion = 12.0.21005.1
MinimumVisualStudioVersion = 10.0.40219.1
Project("{FAE04EC0-301F-11D3-BF4B-00C04F79EFBC}") = "AnalogClock", "AnalogClock\AnalogClock.csproj", "{A5C85240-F768-4C47-9D34-064AF442360C}"
EndProject
Project("{FAE04EC0-301F-11D3-BF4B-00C04F79EFBC}") = "AnalogClockTest", "AnalogClockTest\AnalogClockTest.csproj", "{315DCF35-B1B2-4D94-A66F-624260D2F463}"
	ProjectSection(ProjectDependencies) = postProject
		{A5C85240-F768-4C47-9D34-064AF442360C} = {A5C85240-F768-4C47-9D34-064AF442360C}
	EndProjectSection
EndProject
Global
	GlobalSection(SolutionConfigurationPlatforms) = preSolution
		Debug|Any CPU = Debug|Any CPU
		Release|Any CPU = Release|Any CPU
	EndGlobalSection
	GlobalSection(ProjectConfigurationPlatforms) = postSolution
		{A5C85240-F768-4C47-9D34-064AF442360C}.Debug|Any CPU.ActiveCfg = Release|Any CPU
		{A5C85240-F768-4C47-9D34-064AF442360C}.Debug|Any CPU.Build.0 = Release|Any CPU
		{A5C85240-F768-4C47-9D34-064AF442360C}.Release|Any CPU.ActiveCfg = Release|Any CPU
		{A5C85240-F768-4C47-9D34-064AF442360C}.Release|Any CPU.Build.0 = Release|Any CPU
		{315DCF35-B1B2-4D94-A66F-624260D2F463}.Debug|Any CPU.ActiveCfg = Debug|Any CPU
		{315DCF35-B1B2-4D94-A66F-624260D2F463}.Debug|Any CPU.Build.0 = Debug|Any CPU
		{315DCF35-B1B2-4D94-A66F-624260D2F463}.Release|Any CPU.ActiveCfg = Release|Any CPU
		{315DCF35-B1B2-4D94-A66F-624260D2F463}.Release|Any CPU.Build.0 = Release|Any CPU
	EndGlobalSection
	GlobalSection(SolutionProperties) = preSolution
		HideSolutionNode = FALSE
	EndGlobalSection
EndGlobal
