
Microsoft Visual Studio Solution File, Format Version 12.00
# Visual Studio 2013
VisualStudioVersion = 12.0.21005.1
MinimumVisualStudioVersion = 10.0.40219.1
Project("{FAE04EC0-301F-11D3-BF4B-00C04F79EFBC}") = "AnalogClock", "AnalogClock\AnalogClock.csproj", "{C3DEDF3D-A2A7-4E12-A9D2-97BEC601216D}"
EndProject
Project("{FAE04EC0-301F-11D3-BF4B-00C04F79EFBC}") = "Screen Clock", "..\..\Screen Clock\Screen Clock\Screen Clock.csproj", "{89F276B6-E6A6-4F1A-9032-CC2177A96980}"
EndProject
Global
	GlobalSection(SolutionConfigurationPlatforms) = preSolution
		Debug|Any CPU = Debug|Any CPU
		Release|Any CPU = Release|Any CPU
	EndGlobalSection
	GlobalSection(ProjectConfigurationPlatforms) = postSolution
		{C3DEDF3D-A2A7-4E12-A9D2-97BEC601216D}.Debug|Any CPU.ActiveCfg = Debug|Any CPU
		{C3DEDF3D-A2A7-4E12-A9D2-97BEC601216D}.Debug|Any CPU.Build.0 = Debug|Any CPU
		{C3DEDF3D-A2A7-4E12-A9D2-97BEC601216D}.Release|Any CPU.ActiveCfg = Release|Any CPU
		{C3DEDF3D-A2A7-4E12-A9D2-97BEC601216D}.Release|Any CPU.Build.0 = Release|Any CPU
		{89F276B6-E6A6-4F1A-9032-CC2177A96980}.Debug|Any CPU.ActiveCfg = Debug|Any CPU
		{89F276B6-E6A6-4F1A-9032-CC2177A96980}.Debug|Any CPU.Build.0 = Debug|Any CPU
		{89F276B6-E6A6-4F1A-9032-CC2177A96980}.Release|Any CPU.ActiveCfg = Release|Any CPU
		{89F276B6-E6A6-4F1A-9032-CC2177A96980}.Release|Any CPU.Build.0 = Release|Any CPU
	EndGlobalSection
	GlobalSection(SolutionProperties) = preSolution
		HideSolutionNode = FALSE
	EndGlobalSection
EndGlobal
